
Microsoft Visual Studio Solution File, Format Version 12.00
# Visual Studio Version 16
VisualStudioVersion = 16.0.28803.202
MinimumVisualStudioVersion = 10.0.40219.1
Project("{FAE04EC0-301F-11D3-BF4B-00C04F79EFBC}") = "LDDModder.Library", "LDDModder.Library\LDDModder.Library.csproj", "{9C186783-9516-4837-8BC6-A5EC1158E17F}"
EndProject
Project("{FAE04EC0-301F-11D3-BF4B-00C04F79EFBC}") = "LDDModder.Prototyping", "LDDModder.Prototyping\LDDModder.Prototyping.csproj", "{5913C293-0A30-4D82-AADF-5E708CF02C78}"
EndProject
Project("{FAE04EC0-301F-11D3-BF4B-00C04F79EFBC}") = "LDDModder.BrickEditor", "LDDModder.BrickEditor\LDDModder.BrickEditor.csproj", "{5379F456-A474-4108-ACD8-3B179CF4D041}"
EndProject
Project("{2150E333-8FDC-42A3-9474-1A3956D46DE8}") = "Applications", "Applications", "{406BD71D-724C-4575-A7DD-982B1EC329AB}"
EndProject
Project("{2150E333-8FDC-42A3-9474-1A3956D46DE8}") = "Libraries", "Libraries", "{B52B75BF-8B19-49FF-9479-6B3EDFEBCB87}"
EndProject
Project("{FAE04EC0-301F-11D3-BF4B-00C04F79EFBC}") = "LDDModder.LifExtractor", "LDDModder.LifExtractor\LDDModder.LifExtractor.csproj", "{FE3028F1-F15F-4263-A169-77F00333D795}"
EndProject
Global
	GlobalSection(SolutionConfigurationPlatforms) = preSolution
		Debug|Any CPU = Debug|Any CPU
		Release|Any CPU = Release|Any CPU
	EndGlobalSection
	GlobalSection(ProjectConfigurationPlatforms) = postSolution
		{9C186783-9516-4837-8BC6-A5EC1158E17F}.Debug|Any CPU.ActiveCfg = Debug|Any CPU
		{9C186783-9516-4837-8BC6-A5EC1158E17F}.Debug|Any CPU.Build.0 = Debug|Any CPU
		{9C186783-9516-4837-8BC6-A5EC1158E17F}.Release|Any CPU.ActiveCfg = Release|Any CPU
		{9C186783-9516-4837-8BC6-A5EC1158E17F}.Release|Any CPU.Build.0 = Release|Any CPU
		{5913C293-0A30-4D82-AADF-5E708CF02C78}.Debug|Any CPU.ActiveCfg = Debug|Any CPU
		{5913C293-0A30-4D82-AADF-5E708CF02C78}.Debug|Any CPU.Build.0 = Debug|Any CPU
		{5913C293-0A30-4D82-AADF-5E708CF02C78}.Release|Any CPU.ActiveCfg = Release|Any CPU
		{5913C293-0A30-4D82-AADF-5E708CF02C78}.Release|Any CPU.Build.0 = Release|Any CPU
		{5379F456-A474-4108-ACD8-3B179CF4D041}.Debug|Any CPU.ActiveCfg = Debug|Any CPU
		{5379F456-A474-4108-ACD8-3B179CF4D041}.Debug|Any CPU.Build.0 = Debug|Any CPU
		{5379F456-A474-4108-ACD8-3B179CF4D041}.Release|Any CPU.ActiveCfg = Release|Any CPU
		{5379F456-A474-4108-ACD8-3B179CF4D041}.Release|Any CPU.Build.0 = Release|Any CPU
		{FE3028F1-F15F-4263-A169-77F00333D795}.Debug|Any CPU.ActiveCfg = Debug|Any CPU
		{FE3028F1-F15F-4263-A169-77F00333D795}.Debug|Any CPU.Build.0 = Debug|Any CPU
		{FE3028F1-F15F-4263-A169-77F00333D795}.Release|Any CPU.ActiveCfg = Release|Any CPU
		{FE3028F1-F15F-4263-A169-77F00333D795}.Release|Any CPU.Build.0 = Release|Any CPU
	EndGlobalSection
	GlobalSection(SolutionProperties) = preSolution
		HideSolutionNode = FALSE
	EndGlobalSection
	GlobalSection(NestedProjects) = preSolution
		{9C186783-9516-4837-8BC6-A5EC1158E17F} = {B52B75BF-8B19-49FF-9479-6B3EDFEBCB87}
		{5379F456-A474-4108-ACD8-3B179CF4D041} = {406BD71D-724C-4575-A7DD-982B1EC329AB}
		{FE3028F1-F15F-4263-A169-77F00333D795} = {406BD71D-724C-4575-A7DD-982B1EC329AB}
	EndGlobalSection
	GlobalSection(ExtensibilityGlobals) = postSolution
		SolutionGuid = {458206FC-7A4F-48CD-87ED-E84434A5C4CA}
		RESX_SaveFilesImmediatelyUponChange = False
	EndGlobalSection
EndGlobal
