
Microsoft Visual Studio Solution File, Format Version 12.00
# Visual Studio Version 16
VisualStudioVersion = 16.0.28803.202
MinimumVisualStudioVersion = 10.0.40219.1
Project("{FAE04EC0-301F-11D3-BF4B-00C04F79EFBC}") = "LDDModder.Library", "LDDModder.Library\LDDModder.Library.csproj", "{9C186783-9516-4837-8BC6-A5EC1158E17F}"
EndProject
Project("{FAE04EC0-301F-11D3-BF4B-00C04F79EFBC}") = "LDDModder.Prototyping", "LDDModder.Prototyping\LDDModder.Prototyping.csproj", "{5913C293-0A30-4D82-AADF-5E708CF02C78}"
EndProject
Project("{FAE04EC0-301F-11D3-BF4B-00C04F79EFBC}") = "LDDModder.BrickEditor", "LDDModder.BrickEditor\LDDModder.BrickEditor.csproj", "{5379F456-A474-4108-ACD8-3B179CF4D041}"
EndProject
Global
	GlobalSection(SolutionConfigurationPlatforms) = preSolution
		Debug|Any CPU = Debug|Any CPU
		Release|Any CPU = Release|Any CPU
	EndGlobalSection
	GlobalSection(ProjectConfigurationPlatforms) = postSolution
		{9C186783-9516-4837-8BC6-A5EC1158E17F}.Debug|Any CPU.ActiveCfg = Debug|Any CPU
		{9C186783-9516-4837-8BC6-A5EC1158E17F}.Debug|Any CPU.Build.0 = Debug|Any CPU
		{9C186783-9516-4837-8BC6-A5EC1158E17F}.Release|Any CPU.ActiveCfg = Release|Any CPU
		{9C186783-9516-4837-8BC6-A5EC1158E17F}.Release|Any CPU.Build.0 = Release|Any CPU
		{5913C293-0A30-4D82-AADF-5E708CF02C78}.Debug|Any CPU.ActiveCfg = Debug|Any CPU
		{5913C293-0A30-4D82-AADF-5E708CF02C78}.Debug|Any CPU.Build.0 = Debug|Any CPU
		{5913C293-0A30-4D82-AADF-5E708CF02C78}.Release|Any CPU.ActiveCfg = Release|Any CPU
		{5913C293-0A30-4D82-AADF-5E708CF02C78}.Release|Any CPU.Build.0 = Release|Any CPU
		{5379F456-A474-4108-ACD8-3B179CF4D041}.Debug|Any CPU.ActiveCfg = Debug|Any CPU
		{5379F456-A474-4108-ACD8-3B179CF4D041}.Debug|Any CPU.Build.0 = Debug|Any CPU
		{5379F456-A474-4108-ACD8-3B179CF4D041}.Release|Any CPU.ActiveCfg = Release|Any CPU
		{5379F456-A474-4108-ACD8-3B179CF4D041}.Release|Any CPU.Build.0 = Release|Any CPU
	EndGlobalSection
	GlobalSection(SolutionProperties) = preSolution
		HideSolutionNode = FALSE
	EndGlobalSection
	GlobalSection(ExtensibilityGlobals) = postSolution
		RESX_SaveFilesImmediatelyUponChange = False
		SolutionGuid = {458206FC-7A4F-48CD-87ED-E84434A5C4CA}
	EndGlobalSection
EndGlobal
