
Microsoft Visual Studio Solution File, Format Version 12.00
# Visual Studio 15
VisualStudioVersion = 15.0.28010.2019
MinimumVisualStudioVersion = 10.0.40219.1
Project("{FAE04EC0-301F-11D3-BF4B-00C04F79EFBC}") = "Library", "Library\Library.csproj", "{4BE42546-C8CF-4115-8EA3-6985999E3E8D}"
EndProject
Project("{FAE04EC0-301F-11D3-BF4B-00C04F79EFBC}") = "LifExtractor", "LifExtractor\LifExtractor.csproj", "{8A612E5D-37DF-41DF-A9B3-2A991D27C375}"
EndProject
Project("{FAE04EC0-301F-11D3-BF4B-00C04F79EFBC}") = "LDDModder", "Application\LDDModder.csproj", "{F23DA248-73FB-4D64-95F9-F7BC32B56C00}"
EndProject
Project("{FAE04EC0-301F-11D3-BF4B-00C04F79EFBC}") = "PaletteMaker", "PaletteMaker\PaletteMaker.csproj", "{6FD59A49-86CD-4DC8-977F-DB68922AF893}"
EndProject
Project("{2150E333-8FDC-42A3-9474-1A3956D46DE8}") = "Applications", "Applications", "{68EBA5D8-BFCD-4AE6-9C21-B419E3D8AA07}"
EndProject
Project("{2150E333-8FDC-42A3-9474-1A3956D46DE8}") = "Libraries", "Libraries", "{970EA8DF-EFD1-4773-88BC-FDE5942FC1E0}"
EndProject
Project("{FAE04EC0-301F-11D3-BF4B-00C04F79EFBC}") = "Library.Display", "Library.Display\Library.Display.csproj", "{64918E10-1411-4E5F-BCBD-0AEB2C458C5D}"
EndProject
Project("{FAE04EC0-301F-11D3-BF4B-00C04F79EFBC}") = "BrickInstaller", "BrickInstaller\BrickInstaller.csproj", "{7CAD3409-D4AC-4F37-A004-285F815032FB}"
EndProject
Project("{FAE04EC0-301F-11D3-BF4B-00C04F79EFBC}") = "LDDBrickDatabase", "LDDBrickDatabase\LDDBrickDatabase.csproj", "{FC2AE106-1A9A-4840-B87B-5275EA94B3CC}"
EndProject
Global
	GlobalSection(SolutionConfigurationPlatforms) = preSolution
		Debug|Any CPU = Debug|Any CPU
		Release|Any CPU = Release|Any CPU
	EndGlobalSection
	GlobalSection(ProjectConfigurationPlatforms) = postSolution
		{4BE42546-C8CF-4115-8EA3-6985999E3E8D}.Debug|Any CPU.ActiveCfg = Debug|Any CPU
		{4BE42546-C8CF-4115-8EA3-6985999E3E8D}.Debug|Any CPU.Build.0 = Debug|Any CPU
		{4BE42546-C8CF-4115-8EA3-6985999E3E8D}.Release|Any CPU.ActiveCfg = Release|Any CPU
		{4BE42546-C8CF-4115-8EA3-6985999E3E8D}.Release|Any CPU.Build.0 = Release|Any CPU
		{8A612E5D-37DF-41DF-A9B3-2A991D27C375}.Debug|Any CPU.ActiveCfg = Debug|Any CPU
		{8A612E5D-37DF-41DF-A9B3-2A991D27C375}.Debug|Any CPU.Build.0 = Debug|Any CPU
		{8A612E5D-37DF-41DF-A9B3-2A991D27C375}.Release|Any CPU.ActiveCfg = Release|Any CPU
		{8A612E5D-37DF-41DF-A9B3-2A991D27C375}.Release|Any CPU.Build.0 = Release|Any CPU
		{F23DA248-73FB-4D64-95F9-F7BC32B56C00}.Debug|Any CPU.ActiveCfg = Debug|Any CPU
		{F23DA248-73FB-4D64-95F9-F7BC32B56C00}.Debug|Any CPU.Build.0 = Debug|Any CPU
		{F23DA248-73FB-4D64-95F9-F7BC32B56C00}.Release|Any CPU.ActiveCfg = Release|Any CPU
		{F23DA248-73FB-4D64-95F9-F7BC32B56C00}.Release|Any CPU.Build.0 = Release|Any CPU
		{6FD59A49-86CD-4DC8-977F-DB68922AF893}.Debug|Any CPU.ActiveCfg = Debug|Any CPU
		{6FD59A49-86CD-4DC8-977F-DB68922AF893}.Debug|Any CPU.Build.0 = Debug|Any CPU
		{6FD59A49-86CD-4DC8-977F-DB68922AF893}.Release|Any CPU.ActiveCfg = Release|Any CPU
		{6FD59A49-86CD-4DC8-977F-DB68922AF893}.Release|Any CPU.Build.0 = Release|Any CPU
		{64918E10-1411-4E5F-BCBD-0AEB2C458C5D}.Debug|Any CPU.ActiveCfg = Debug|Any CPU
		{64918E10-1411-4E5F-BCBD-0AEB2C458C5D}.Debug|Any CPU.Build.0 = Debug|Any CPU
		{64918E10-1411-4E5F-BCBD-0AEB2C458C5D}.Release|Any CPU.ActiveCfg = Release|Any CPU
		{64918E10-1411-4E5F-BCBD-0AEB2C458C5D}.Release|Any CPU.Build.0 = Release|Any CPU
		{7CAD3409-D4AC-4F37-A004-285F815032FB}.Debug|Any CPU.ActiveCfg = Debug|Any CPU
		{7CAD3409-D4AC-4F37-A004-285F815032FB}.Debug|Any CPU.Build.0 = Debug|Any CPU
		{7CAD3409-D4AC-4F37-A004-285F815032FB}.Release|Any CPU.ActiveCfg = Release|Any CPU
		{7CAD3409-D4AC-4F37-A004-285F815032FB}.Release|Any CPU.Build.0 = Release|Any CPU
		{FC2AE106-1A9A-4840-B87B-5275EA94B3CC}.Debug|Any CPU.ActiveCfg = Debug|Any CPU
		{FC2AE106-1A9A-4840-B87B-5275EA94B3CC}.Debug|Any CPU.Build.0 = Debug|Any CPU
		{FC2AE106-1A9A-4840-B87B-5275EA94B3CC}.Release|Any CPU.ActiveCfg = Release|Any CPU
		{FC2AE106-1A9A-4840-B87B-5275EA94B3CC}.Release|Any CPU.Build.0 = Release|Any CPU
	EndGlobalSection
	GlobalSection(SolutionProperties) = preSolution
		HideSolutionNode = FALSE
	EndGlobalSection
	GlobalSection(NestedProjects) = preSolution
		{4BE42546-C8CF-4115-8EA3-6985999E3E8D} = {970EA8DF-EFD1-4773-88BC-FDE5942FC1E0}
		{8A612E5D-37DF-41DF-A9B3-2A991D27C375} = {68EBA5D8-BFCD-4AE6-9C21-B419E3D8AA07}
		{F23DA248-73FB-4D64-95F9-F7BC32B56C00} = {68EBA5D8-BFCD-4AE6-9C21-B419E3D8AA07}
		{6FD59A49-86CD-4DC8-977F-DB68922AF893} = {68EBA5D8-BFCD-4AE6-9C21-B419E3D8AA07}
		{64918E10-1411-4E5F-BCBD-0AEB2C458C5D} = {970EA8DF-EFD1-4773-88BC-FDE5942FC1E0}
		{7CAD3409-D4AC-4F37-A004-285F815032FB} = {68EBA5D8-BFCD-4AE6-9C21-B419E3D8AA07}
		{FC2AE106-1A9A-4840-B87B-5275EA94B3CC} = {970EA8DF-EFD1-4773-88BC-FDE5942FC1E0}
	EndGlobalSection
	GlobalSection(ExtensibilityGlobals) = postSolution
		SolutionGuid = {9B7ACC45-52DC-41F7-B236-1D4ECFF5DD52}
	EndGlobalSection
EndGlobal
